// !$*UTF8*$!
{
	archiveVersion = 1;
	classes = {
	};
	objectVersion = 46;
	objects = {

/* Begin PBXBuildFile section */
		50102D181DBAFA75009460BF /* AppDelegate.swift in Sources */ = {isa = PBXBuildFile; fileRef = 50102D171DBAFA75009460BF /* AppDelegate.swift */; };
		50102D1A1DBAFA75009460BF /* ViewController.swift in Sources */ = {isa = PBXBuildFile; fileRef = 50102D191DBAFA75009460BF /* ViewController.swift */; };
		50102D1D1DBAFA75009460BF /* Main.storyboard in Resources */ = {isa = PBXBuildFile; fileRef = 50102D1B1DBAFA75009460BF /* Main.storyboard */; };
		50102D1F1DBAFA75009460BF /* Assets.xcassets in Resources */ = {isa = PBXBuildFile; fileRef = 50102D1E1DBAFA75009460BF /* Assets.xcassets */; };
		50102D221DBAFA75009460BF /* LaunchScreen.storyboard in Resources */ = {isa = PBXBuildFile; fileRef = 50102D201DBAFA75009460BF /* LaunchScreen.storyboard */; };
/* End PBXBuildFile section */

/* Begin PBXFileReference section */
		50102D141DBAFA75009460BF /* CamaraTest.app */ = {isa = PBXFileReference; explicitFileType = wrapper.application; includeInIndex = 0; path = CamaraTest.app; sourceTree = BUILT_PRODUCTS_DIR; };
		50102D171DBAFA75009460BF /* AppDelegate.swift */ = {isa = PBXFileReference; lastKnownFileType = sourcecode.swift; path = AppDelegate.swift; sourceTree = "<group>"; };
		50102D191DBAFA75009460BF /* ViewController.swift */ = {isa = PBXFileReference; lastKnownFileType = sourcecode.swift; path = ViewController.swift; sourceTree = "<group>"; };
		50102D1C1DBAFA75009460BF /* Base */ = {isa = PBXFileReference; lastKnownFileType = file.storyboard; name = Base; path = Base.lproj/Main.storyboard; sourceTree = "<group>"; };
		50102D1E1DBAFA75009460BF /* Assets.xcassets */ = {isa = PBXFileReference; lastKnownFileType = folder.assetcatalog; path = Assets.xcassets; sourceTree = "<group>"; };
		50102D211DBAFA75009460BF /* Base */ = {isa = PBXFileReference; lastKnownFileType = file.storyboard; name = Base; path = Base.lproj/LaunchScreen.storyboard; sourceTree = "<group>"; };
		50102D231DBAFA75009460BF /* Info.plist */ = {isa = PBXFileReference; lastKnownFileType = text.plist.xml; path = Info.plist; sourceTree = "<group>"; };
/* End PBXFileReference section */

/* Begin PBXFrameworksBuildPhase section */
		50102D111DBAFA75009460BF /* Frameworks */ = {
			isa = PBXFrameworksBuildPhase;
			buildActionMask = 2147483647;
			files = (
			);
			runOnlyForDeploymentPostprocessing = 0;
		};
/* End PBXFrameworksBuildPhase section */

/* Begin PBXGroup section */
		50102D0B1DBAFA75009460BF = {
			isa = PBXGroup;
			children = (
				50102D161DBAFA75009460BF /* CamaraTest */,
				50102D151DBAFA75009460BF /* Products */,
			);
			sourceTree = "<group>";
		};
		50102D151DBAFA75009460BF /* Products */ = {
			isa = PBXGroup;
			children = (
				50102D141DBAFA75009460BF /* CamaraTest.app */,
			);
			name = Products;
			sourceTree = "<group>";
		};
		50102D161DBAFA75009460BF /* CamaraTest */ = {
			isa = PBXGroup;
			children = (
				50102D171DBAFA75009460BF /* AppDelegate.swift */,
				50102D191DBAFA75009460BF /* ViewController.swift */,
				50102D1B1DBAFA75009460BF /* Main.storyboard */,
				50102D1E1DBAFA75009460BF /* Assets.xcassets */,
				50102D201DBAFA75009460BF /* LaunchScreen.storyboard */,
				50102D231DBAFA75009460BF /* Info.plist */,
			);
			path = CamaraTest;
			sourceTree = "<group>";
		};
/* End PBXGroup section */

/* Begin PBXNativeTarget section */
		50102D131DBAFA75009460BF /* CamaraTest */ = {
			isa = PBXNativeTarget;
			buildConfigurationList = 50102D261DBAFA75009460BF /* Build configuration list for PBXNativeTarget "CamaraTest" */;
			buildPhases = (
				50102D101DBAFA75009460BF /* Sources */,
				50102D111DBAFA75009460BF /* Frameworks */,
				50102D121DBAFA75009460BF /* Resources */,
			);
			buildRules = (
			);
			dependencies = (
			);
			name = CamaraTest;
			productName = CamaraTest;
			productReference = 50102D141DBAFA75009460BF /* CamaraTest.app */;
			productType = "com.apple.product-type.application";
		};
/* End PBXNativeTarget section */

/* Begin PBXProject section */
		50102D0C1DBAFA75009460BF /* Project object */ = {
			isa = PBXProject;
			attributes = {
				LastSwiftUpdateCheck = 0730;
				LastUpgradeCheck = 0800;
				ORGANIZATIONNAME = "Valeriano Lopez";
				TargetAttributes = {
					50102D131DBAFA75009460BF = {
						CreatedOnToolsVersion = 7.3.1;
						DevelopmentTeam = WQT6P756RX;
					};
				};
			};
			buildConfigurationList = 50102D0F1DBAFA75009460BF /* Build configuration list for PBXProject "CamaraTest" */;
			compatibilityVersion = "Xcode 3.2";
			developmentRegion = English;
			hasScannedForEncodings = 0;
			knownRegions = (
				en,
				Base,
			);
			mainGroup = 50102D0B1DBAFA75009460BF;
			productRefGroup = 50102D151DBAFA75009460BF /* Products */;
			projectDirPath = "";
			projectRoot = "";
			targets = (
				50102D131DBAFA75009460BF /* CamaraTest */,
			);
		};
/* End PBXProject section */

/* Begin PBXResourcesBuildPhase section */
		50102D121DBAFA75009460BF /* Resources */ = {
			isa = PBXResourcesBuildPhase;
			buildActionMask = 2147483647;
			files = (
				50102D221DBAFA75009460BF /* LaunchScreen.storyboard in Resources */,
				50102D1F1DBAFA75009460BF /* Assets.xcassets in Resources */,
				50102D1D1DBAFA75009460BF /* Main.storyboard in Resources */,
			);
			runOnlyForDeploymentPostprocessing = 0;
		};
/* End PBXResourcesBuildPhase section */

/* Begin PBXSourcesBuildPhase section */
		50102D101DBAFA75009460BF /* Sources */ = {
			isa = PBXSourcesBuildPhase;
			buildActionMask = 2147483647;
			files = (
				50102D1A1DBAFA75009460BF /* ViewController.swift in Sources */,
				50102D181DBAFA75009460BF /* AppDelegate.swift in Sources */,
			);
			runOnlyForDeploymentPostprocessing = 0;
		};
/* End PBXSourcesBuildPhase section */

/* Begin PBXVariantGroup section */
		50102D1B1DBAFA75009460BF /* Main.storyboard */ = {
			isa = PBXVariantGroup;
			children = (
				50102D1C1DBAFA75009460BF /* Base */,
			);
			name = Main.storyboard;
			sourceTree = "<group>";
		};
		50102D201DBAFA75009460BF /* LaunchScreen.storyboard */ = {
			isa = PBXVariantGroup;
			children = (
				50102D211DBAFA75009460BF /* Base */,
			);
			name = LaunchScreen.storyboard;
			sourceTree = "<group>";
		};
/* End PBXVariantGroup section */

/* Begin XCBuildConfiguration section */
		50102D241DBAFA75009460BF /* Debug */ = {
			isa = XCBuildConfiguration;
			buildSettings = {
				ALWAYS_SEARCH_USER_PATHS = NO;
				CLANG_ANALYZER_NONNULL = YES;
				CLANG_CXX_LANGUAGE_STANDARD = "gnu++0x";
				CLANG_CXX_LIBRARY = "libc++";
				CLANG_ENABLE_MODULES = YES;
				CLANG_ENABLE_OBJC_ARC = YES;
				CLANG_WARN_BOOL_CONVERSION = YES;
				CLANG_WARN_CONSTANT_CONVERSION = YES;
				CLANG_WARN_DIRECT_OBJC_ISA_USAGE = YES_ERROR;
				CLANG_WARN_EMPTY_BODY = YES;
				CLANG_WARN_ENUM_CONVERSION = YES;
				CLANG_WARN_INFINITE_RECURSION = YES;
				CLANG_WARN_INT_CONVERSION = YES;
				CLANG_WARN_OBJC_ROOT_CLASS = YES_ERROR;
				CLANG_WARN_SUSPICIOUS_MOVE = YES;
				CLANG_WARN_UNREACHABLE_CODE = YES;
				CLANG_WARN__DUPLICATE_METHOD_MATCH = YES;
				"CODE_SIGN_IDENTITY[sdk=iphoneos*]" = "iPhone Developer";
				COPY_PHASE_STRIP = NO;
				DEBUG_INFORMATION_FORMAT = dwarf;
				ENABLE_STRICT_OBJC_MSGSEND = YES;
				ENABLE_TESTABILITY = YES;
				GCC_C_LANGUAGE_STANDARD = gnu99;
				GCC_DYNAMIC_NO_PIC = NO;
				GCC_NO_COMMON_BLOCKS = YES;
				GCC_OPTIMIZATION_LEVEL = 0;
				GCC_PREPROCESSOR_DEFINITIONS = (
					"DEBUG=1",
					"$(inherited)",
				);
				GCC_WARN_64_TO_32_BIT_CONVERSION = YES;
				GCC_WARN_ABOUT_RETURN_TYPE = YES_ERROR;
				GCC_WARN_UNDECLARED_SELECTOR = YES;
				GCC_WARN_UNINITIALIZED_AUTOS = YES_AGGRESSIVE;
				GCC_WARN_UNUSED_FUNCTION = YES;
				GCC_WARN_UNUSED_VARIABLE = YES;
				IPHONEOS_DEPLOYMENT_TARGET = 9.3;
				MTL_ENABLE_DEBUG_INFO = YES;
				ONLY_ACTIVE_ARCH = YES;
				SDKROOT = iphoneos;
				SWIFT_OPTIMIZATION_LEVEL = "-Onone";
				SWIFT_VERSION = 2.3;
				TARGETED_DEVICE_FAMILY = 2;
			};
			name = Debug;
		};
		50102D251DBAFA75009460BF /* Release */ = {
			isa = XCBuildConfiguration;
			buildSettings = {
				ALWAYS_SEARCH_USER_PATHS = NO;
				CLANG_ANALYZER_NONNULL = YES;
				CLANG_CXX_LANGUAGE_STANDARD = "gnu++0x";
				CLANG_CXX_LIBRARY = "libc++";
				CLANG_ENABLE_MODULES = YES;
				CLANG_ENABLE_OBJC_ARC = YES;
				CLANG_WARN_BOOL_CONVERSION = YES;
				CLANG_WARN_CONSTANT_CONVERSION = YES;
				CLANG_WARN_DIRECT_OBJC_ISA_USAGE = YES_ERROR;
				CLANG_WARN_EMPTY_BODY = YES;
				CLANG_WARN_ENUM_CONVERSION = YES;
				CLANG_WARN_INFINITE_RECURSION = YES;
				CLANG_WARN_INT_CONVERSION = YES;
				CLANG_WARN_OBJC_ROOT_CLASS = YES_ERROR;
				CLANG_WARN_SUSPICIOUS_MOVE = YES;
				CLANG_WARN_UNREACHABLE_CODE = YES;
				CLANG_WARN__DUPLICATE_METHOD_MATCH = YES;
				"CODE_SIGN_IDENTITY[sdk=iphoneos*]" = "iPhone Developer";
				COPY_PHASE_STRIP = NO;
				DEBUG_INFORMATION_FORMAT = "dwarf-with-dsym";
				ENABLE_NS_ASSERTIONS = NO;
				ENABLE_STRICT_OBJC_MSGSEND = YES;
				GCC_C_LANGUAGE_STANDARD = gnu99;
				GCC_NO_COMMON_BLOCKS = YES;
				GCC_WARN_64_TO_32_BIT_CONVERSION = YES;
				GCC_WARN_ABOUT_RETURN_TYPE = YES_ERROR;
				GCC_WARN_UNDECLARED_SELECTOR = YES;
				GCC_WARN_UNINITIALIZED_AUTOS = YES_AGGRESSIVE;
				GCC_WARN_UNUSED_FUNCTION = YES;
				GCC_WARN_UNUSED_VARIABLE = YES;
				IPHONEOS_DEPLOYMENT_TARGET = 9.3;
				MTL_ENABLE_DEBUG_INFO = NO;
				SDKROOT = iphoneos;
				SWIFT_OPTIMIZATION_LEVEL = "-Owholemodule";
				SWIFT_VERSION = 2.3;
				TARGETED_DEVICE_FAMILY = 2;
				VALIDATE_PRODUCT = YES;
			};
			name = Release;
		};
		50102D271DBAFA75009460BF /* Debug */ = {
			isa = XCBuildConfiguration;
			buildSettings = {
				ASSETCATALOG_COMPILER_APPICON_NAME = AppIcon;
				CODE_SIGN_IDENTITY = "iPhone Developer";
				INFOPLIST_FILE = CamaraTest/Info.plist;
				IPHONEOS_DEPLOYMENT_TARGET = 8.0;
				LD_RUNPATH_SEARCH_PATHS = "$(inherited) @executable_path/Frameworks";
				PRODUCT_BUNDLE_IDENTIFIER = mx.com.lpz.valeriano.CamaraTest;
				PRODUCT_NAME = "$(TARGET_NAME)";
			};
			name = Debug;
		};
		50102D281DBAFA75009460BF /* Release */ = {
			isa = XCBuildConfiguration;
			buildSettings = {
				ASSETCATALOG_COMPILER_APPICON_NAME = AppIcon;
				CODE_SIGN_IDENTITY = "iPhone Developer";
				INFOPLIST_FILE = CamaraTest/Info.plist;
				IPHONEOS_DEPLOYMENT_TARGET = 8.0;
				LD_RUNPATH_SEARCH_PATHS = "$(inherited) @executable_path/Frameworks";
				PRODUCT_BUNDLE_IDENTIFIER = mx.com.lpz.valeriano.CamaraTest;
				PRODUCT_NAME = "$(TARGET_NAME)";
			};
			name = Release;
		};
/* End XCBuildConfiguration section */

/* Begin XCConfigurationList section */
		50102D0F1DBAFA75009460BF /* Build configuration list for PBXProject "CamaraTest" */ = {
			isa = XCConfigurationList;
			buildConfigurations = (
				50102D241DBAFA75009460BF /* Debug */,
				50102D251DBAFA75009460BF /* Release */,
			);
			defaultConfigurationIsVisible = 0;
			defaultConfigurationName = Release;
		};
		50102D261DBAFA75009460BF /* Build configuration list for PBXNativeTarget "CamaraTest" */ = {
			isa = XCConfigurationList;
			buildConfigurations = (
				50102D271DBAFA75009460BF /* Debug */,
				50102D281DBAFA75009460BF /* Release */,
			);
			defaultConfigurationIsVisible = 0;
			defaultConfigurationName = Release;
		};
/* End XCConfigurationList section */
	};
	rootObject = 50102D0C1DBAFA75009460BF /* Project object */;
}
