// !$*UTF8*$!
{
	archiveVersion = 1;
	classes = {
	};
	objectVersion = 46;
	objects = {

/* Begin PBXBuildFile section */
		50540B7A1DBBD4E700ECD3EC /* AppDelegate.swift in Sources */ = {isa = PBXBuildFile; fileRef = 50540B791DBBD4E700ECD3EC /* AppDelegate.swift */; };
		50540B7C1DBBD4E700ECD3EC /* ViewController.swift in Sources */ = {isa = PBXBuildFile; fileRef = 50540B7B1DBBD4E700ECD3EC /* ViewController.swift */; };
		50540B7F1DBBD4E700ECD3EC /* Main.storyboard in Resources */ = {isa = PBXBuildFile; fileRef = 50540B7D1DBBD4E700ECD3EC /* Main.storyboard */; };
		50540B811DBBD4E700ECD3EC /* Assets.xcassets in Resources */ = {isa = PBXBuildFile; fileRef = 50540B801DBBD4E700ECD3EC /* Assets.xcassets */; };
		50540B841DBBD4E700ECD3EC /* LaunchScreen.storyboard in Resources */ = {isa = PBXBuildFile; fileRef = 50540B821DBBD4E700ECD3EC /* LaunchScreen.storyboard */; };
		50540B8C1DBBD6CE00ECD3EC /* CoreLocation.framework in Frameworks */ = {isa = PBXBuildFile; fileRef = 50540B8B1DBBD6CE00ECD3EC /* CoreLocation.framework */; };
		50540B8E1DBBE6E900ECD3EC /* MapKit.framework in Frameworks */ = {isa = PBXBuildFile; fileRef = 50540B8D1DBBE6E900ECD3EC /* MapKit.framework */; };
		50540B901DBBEA5300ECD3EC /* ElPin.swift in Sources */ = {isa = PBXBuildFile; fileRef = 50540B8F1DBBEA5300ECD3EC /* ElPin.swift */; };
/* End PBXBuildFile section */

/* Begin PBXFileReference section */
		50540B761DBBD4E700ECD3EC /* GPSDemo.app */ = {isa = PBXFileReference; explicitFileType = wrapper.application; includeInIndex = 0; path = GPSDemo.app; sourceTree = BUILT_PRODUCTS_DIR; };
		50540B791DBBD4E700ECD3EC /* AppDelegate.swift */ = {isa = PBXFileReference; lastKnownFileType = sourcecode.swift; path = AppDelegate.swift; sourceTree = "<group>"; };
		50540B7B1DBBD4E700ECD3EC /* ViewController.swift */ = {isa = PBXFileReference; lastKnownFileType = sourcecode.swift; path = ViewController.swift; sourceTree = "<group>"; };
		50540B7E1DBBD4E700ECD3EC /* Base */ = {isa = PBXFileReference; lastKnownFileType = file.storyboard; name = Base; path = Base.lproj/Main.storyboard; sourceTree = "<group>"; };
		50540B801DBBD4E700ECD3EC /* Assets.xcassets */ = {isa = PBXFileReference; lastKnownFileType = folder.assetcatalog; path = Assets.xcassets; sourceTree = "<group>"; };
		50540B831DBBD4E700ECD3EC /* Base */ = {isa = PBXFileReference; lastKnownFileType = file.storyboard; name = Base; path = Base.lproj/LaunchScreen.storyboard; sourceTree = "<group>"; };
		50540B851DBBD4E700ECD3EC /* Info.plist */ = {isa = PBXFileReference; lastKnownFileType = text.plist.xml; path = Info.plist; sourceTree = "<group>"; };
		50540B8B1DBBD6CE00ECD3EC /* CoreLocation.framework */ = {isa = PBXFileReference; lastKnownFileType = wrapper.framework; name = CoreLocation.framework; path = System/Library/Frameworks/CoreLocation.framework; sourceTree = SDKROOT; };
		50540B8D1DBBE6E900ECD3EC /* MapKit.framework */ = {isa = PBXFileReference; lastKnownFileType = wrapper.framework; name = MapKit.framework; path = System/Library/Frameworks/MapKit.framework; sourceTree = SDKROOT; };
		50540B8F1DBBEA5300ECD3EC /* ElPin.swift */ = {isa = PBXFileReference; fileEncoding = 4; lastKnownFileType = sourcecode.swift; path = ElPin.swift; sourceTree = "<group>"; };
/* End PBXFileReference section */

/* Begin PBXFrameworksBuildPhase section */
		50540B731DBBD4E700ECD3EC /* Frameworks */ = {
			isa = PBXFrameworksBuildPhase;
			buildActionMask = 2147483647;
			files = (
				50540B8E1DBBE6E900ECD3EC /* MapKit.framework in Frameworks */,
				50540B8C1DBBD6CE00ECD3EC /* CoreLocation.framework in Frameworks */,
			);
			runOnlyForDeploymentPostprocessing = 0;
		};
/* End PBXFrameworksBuildPhase section */

/* Begin PBXGroup section */
		50540B6D1DBBD4E700ECD3EC = {
			isa = PBXGroup;
			children = (
				50540B8D1DBBE6E900ECD3EC /* MapKit.framework */,
				50540B8B1DBBD6CE00ECD3EC /* CoreLocation.framework */,
				50540B781DBBD4E700ECD3EC /* GPSDemo */,
				50540B771DBBD4E700ECD3EC /* Products */,
			);
			sourceTree = "<group>";
		};
		50540B771DBBD4E700ECD3EC /* Products */ = {
			isa = PBXGroup;
			children = (
				50540B761DBBD4E700ECD3EC /* GPSDemo.app */,
			);
			name = Products;
			sourceTree = "<group>";
		};
		50540B781DBBD4E700ECD3EC /* GPSDemo */ = {
			isa = PBXGroup;
			children = (
				50540B791DBBD4E700ECD3EC /* AppDelegate.swift */,
				50540B7B1DBBD4E700ECD3EC /* ViewController.swift */,
				50540B7D1DBBD4E700ECD3EC /* Main.storyboard */,
				50540B801DBBD4E700ECD3EC /* Assets.xcassets */,
				50540B821DBBD4E700ECD3EC /* LaunchScreen.storyboard */,
				50540B851DBBD4E700ECD3EC /* Info.plist */,
				50540B8F1DBBEA5300ECD3EC /* ElPin.swift */,
			);
			path = GPSDemo;
			sourceTree = "<group>";
		};
/* End PBXGroup section */

/* Begin PBXNativeTarget section */
		50540B751DBBD4E700ECD3EC /* GPSDemo */ = {
			isa = PBXNativeTarget;
			buildConfigurationList = 50540B881DBBD4E700ECD3EC /* Build configuration list for PBXNativeTarget "GPSDemo" */;
			buildPhases = (
				50540B721DBBD4E700ECD3EC /* Sources */,
				50540B731DBBD4E700ECD3EC /* Frameworks */,
				50540B741DBBD4E700ECD3EC /* Resources */,
			);
			buildRules = (
			);
			dependencies = (
			);
			name = GPSDemo;
			productName = GPSDemo;
			productReference = 50540B761DBBD4E700ECD3EC /* GPSDemo.app */;
			productType = "com.apple.product-type.application";
		};
/* End PBXNativeTarget section */

/* Begin PBXProject section */
		50540B6E1DBBD4E700ECD3EC /* Project object */ = {
			isa = PBXProject;
			attributes = {
				LastSwiftUpdateCheck = 0730;
				LastUpgradeCheck = 0730;
				ORGANIZATIONNAME = "Valeriano Lopez";
				TargetAttributes = {
					50540B751DBBD4E700ECD3EC = {
						CreatedOnToolsVersion = 7.3.1;
						DevelopmentTeam = WQT6P756RX;
					};
				};
			};
			buildConfigurationList = 50540B711DBBD4E700ECD3EC /* Build configuration list for PBXProject "GPSDemo" */;
			compatibilityVersion = "Xcode 3.2";
			developmentRegion = English;
			hasScannedForEncodings = 0;
			knownRegions = (
				en,
				Base,
			);
			mainGroup = 50540B6D1DBBD4E700ECD3EC;
			productRefGroup = 50540B771DBBD4E700ECD3EC /* Products */;
			projectDirPath = "";
			projectRoot = "";
			targets = (
				50540B751DBBD4E700ECD3EC /* GPSDemo */,
			);
		};
/* End PBXProject section */

/* Begin PBXResourcesBuildPhase section */
		50540B741DBBD4E700ECD3EC /* Resources */ = {
			isa = PBXResourcesBuildPhase;
			buildActionMask = 2147483647;
			files = (
				50540B841DBBD4E700ECD3EC /* LaunchScreen.storyboard in Resources */,
				50540B811DBBD4E700ECD3EC /* Assets.xcassets in Resources */,
				50540B7F1DBBD4E700ECD3EC /* Main.storyboard in Resources */,
			);
			runOnlyForDeploymentPostprocessing = 0;
		};
/* End PBXResourcesBuildPhase section */

/* Begin PBXSourcesBuildPhase section */
		50540B721DBBD4E700ECD3EC /* Sources */ = {
			isa = PBXSourcesBuildPhase;
			buildActionMask = 2147483647;
			files = (
				50540B901DBBEA5300ECD3EC /* ElPin.swift in Sources */,
				50540B7C1DBBD4E700ECD3EC /* ViewController.swift in Sources */,
				50540B7A1DBBD4E700ECD3EC /* AppDelegate.swift in Sources */,
			);
			runOnlyForDeploymentPostprocessing = 0;
		};
/* End PBXSourcesBuildPhase section */

/* Begin PBXVariantGroup section */
		50540B7D1DBBD4E700ECD3EC /* Main.storyboard */ = {
			isa = PBXVariantGroup;
			children = (
				50540B7E1DBBD4E700ECD3EC /* Base */,
			);
			name = Main.storyboard;
			sourceTree = "<group>";
		};
		50540B821DBBD4E700ECD3EC /* LaunchScreen.storyboard */ = {
			isa = PBXVariantGroup;
			children = (
				50540B831DBBD4E700ECD3EC /* Base */,
			);
			name = LaunchScreen.storyboard;
			sourceTree = "<group>";
		};
/* End PBXVariantGroup section */

/* Begin XCBuildConfiguration section */
		50540B861DBBD4E700ECD3EC /* Debug */ = {
			isa = XCBuildConfiguration;
			buildSettings = {
				ALWAYS_SEARCH_USER_PATHS = NO;
				CLANG_ANALYZER_NONNULL = YES;
				CLANG_CXX_LANGUAGE_STANDARD = "gnu++0x";
				CLANG_CXX_LIBRARY = "libc++";
				CLANG_ENABLE_MODULES = YES;
				CLANG_ENABLE_OBJC_ARC = YES;
				CLANG_WARN_BOOL_CONVERSION = YES;
				CLANG_WARN_CONSTANT_CONVERSION = YES;
				CLANG_WARN_DIRECT_OBJC_ISA_USAGE = YES_ERROR;
				CLANG_WARN_EMPTY_BODY = YES;
				CLANG_WARN_ENUM_CONVERSION = YES;
				CLANG_WARN_INT_CONVERSION = YES;
				CLANG_WARN_OBJC_ROOT_CLASS = YES_ERROR;
				CLANG_WARN_UNREACHABLE_CODE = YES;
				CLANG_WARN__DUPLICATE_METHOD_MATCH = YES;
				"CODE_SIGN_IDENTITY[sdk=iphoneos*]" = "iPhone Developer";
				COPY_PHASE_STRIP = NO;
				DEBUG_INFORMATION_FORMAT = dwarf;
				ENABLE_STRICT_OBJC_MSGSEND = YES;
				ENABLE_TESTABILITY = YES;
				GCC_C_LANGUAGE_STANDARD = gnu99;
				GCC_DYNAMIC_NO_PIC = NO;
				GCC_NO_COMMON_BLOCKS = YES;
				GCC_OPTIMIZATION_LEVEL = 0;
				GCC_PREPROCESSOR_DEFINITIONS = (
					"DEBUG=1",
					"$(inherited)",
				);
				GCC_WARN_64_TO_32_BIT_CONVERSION = YES;
				GCC_WARN_ABOUT_RETURN_TYPE = YES_ERROR;
				GCC_WARN_UNDECLARED_SELECTOR = YES;
				GCC_WARN_UNINITIALIZED_AUTOS = YES_AGGRESSIVE;
				GCC_WARN_UNUSED_FUNCTION = YES;
				GCC_WARN_UNUSED_VARIABLE = YES;
				IPHONEOS_DEPLOYMENT_TARGET = 9.3;
				MTL_ENABLE_DEBUG_INFO = YES;
				ONLY_ACTIVE_ARCH = YES;
				SDKROOT = iphoneos;
				SWIFT_OPTIMIZATION_LEVEL = "-Onone";
				TARGETED_DEVICE_FAMILY = "1,2";
			};
			name = Debug;
		};
		50540B871DBBD4E700ECD3EC /* Release */ = {
			isa = XCBuildConfiguration;
			buildSettings = {
				ALWAYS_SEARCH_USER_PATHS = NO;
				CLANG_ANALYZER_NONNULL = YES;
				CLANG_CXX_LANGUAGE_STANDARD = "gnu++0x";
				CLANG_CXX_LIBRARY = "libc++";
				CLANG_ENABLE_MODULES = YES;
				CLANG_ENABLE_OBJC_ARC = YES;
				CLANG_WARN_BOOL_CONVERSION = YES;
				CLANG_WARN_CONSTANT_CONVERSION = YES;
				CLANG_WARN_DIRECT_OBJC_ISA_USAGE = YES_ERROR;
				CLANG_WARN_EMPTY_BODY = YES;
				CLANG_WARN_ENUM_CONVERSION = YES;
				CLANG_WARN_INT_CONVERSION = YES;
				CLANG_WARN_OBJC_ROOT_CLASS = YES_ERROR;
				CLANG_WARN_UNREACHABLE_CODE = YES;
				CLANG_WARN__DUPLICATE_METHOD_MATCH = YES;
				"CODE_SIGN_IDENTITY[sdk=iphoneos*]" = "iPhone Developer";
				COPY_PHASE_STRIP = NO;
				DEBUG_INFORMATION_FORMAT = "dwarf-with-dsym";
				ENABLE_NS_ASSERTIONS = NO;
				ENABLE_STRICT_OBJC_MSGSEND = YES;
				GCC_C_LANGUAGE_STANDARD = gnu99;
				GCC_NO_COMMON_BLOCKS = YES;
				GCC_WARN_64_TO_32_BIT_CONVERSION = YES;
				GCC_WARN_ABOUT_RETURN_TYPE = YES_ERROR;
				GCC_WARN_UNDECLARED_SELECTOR = YES;
				GCC_WARN_UNINITIALIZED_AUTOS = YES_AGGRESSIVE;
				GCC_WARN_UNUSED_FUNCTION = YES;
				GCC_WARN_UNUSED_VARIABLE = YES;
				IPHONEOS_DEPLOYMENT_TARGET = 9.3;
				MTL_ENABLE_DEBUG_INFO = NO;
				SDKROOT = iphoneos;
				TARGETED_DEVICE_FAMILY = "1,2";
				VALIDATE_PRODUCT = YES;
			};
			name = Release;
		};
		50540B891DBBD4E700ECD3EC /* Debug */ = {
			isa = XCBuildConfiguration;
			buildSettings = {
				ASSETCATALOG_COMPILER_APPICON_NAME = AppIcon;
				CODE_SIGN_IDENTITY = "iPhone Developer";
				INFOPLIST_FILE = GPSDemo/Info.plist;
				IPHONEOS_DEPLOYMENT_TARGET = 8.0;
				LD_RUNPATH_SEARCH_PATHS = "$(inherited) @executable_path/Frameworks";
				PRODUCT_BUNDLE_IDENTIFIER = mx.com.lpz.valeriano.GPSDemo;
				PRODUCT_NAME = "$(TARGET_NAME)";
			};
			name = Debug;
		};
		50540B8A1DBBD4E700ECD3EC /* Release */ = {
			isa = XCBuildConfiguration;
			buildSettings = {
				ASSETCATALOG_COMPILER_APPICON_NAME = AppIcon;
				CODE_SIGN_IDENTITY = "iPhone Developer";
				INFOPLIST_FILE = GPSDemo/Info.plist;
				IPHONEOS_DEPLOYMENT_TARGET = 8.0;
				LD_RUNPATH_SEARCH_PATHS = "$(inherited) @executable_path/Frameworks";
				PRODUCT_BUNDLE_IDENTIFIER = mx.com.lpz.valeriano.GPSDemo;
				PRODUCT_NAME = "$(TARGET_NAME)";
			};
			name = Release;
		};
/* End XCBuildConfiguration section */

/* Begin XCConfigurationList section */
		50540B711DBBD4E700ECD3EC /* Build configuration list for PBXProject "GPSDemo" */ = {
			isa = XCConfigurationList;
			buildConfigurations = (
				50540B861DBBD4E700ECD3EC /* Debug */,
				50540B871DBBD4E700ECD3EC /* Release */,
			);
			defaultConfigurationIsVisible = 0;
			defaultConfigurationName = Release;
		};
		50540B881DBBD4E700ECD3EC /* Build configuration list for PBXNativeTarget "GPSDemo" */ = {
			isa = XCConfigurationList;
			buildConfigurations = (
				50540B891DBBD4E700ECD3EC /* Debug */,
				50540B8A1DBBD4E700ECD3EC /* Release */,
			);
			defaultConfigurationIsVisible = 0;
		};
/* End XCConfigurationList section */
	};
	rootObject = 50540B6E1DBBD4E700ECD3EC /* Project object */;
}
